
Microsoft Visual Studio Solution File, Format Version 12.00
# Visual Studio Version 17
VisualStudioVersion = 17.9.34902.65
MinimumVisualStudioVersion = 10.0.40219.1
Project("{9A19103F-16F7-4668-BE54-9A1E7A4F7556}") = "backend", "backend.csproj", "{EFD5830E-EEF0-4315-A9D9-0E3ED9C9B445}"
EndProject
Global
	GlobalSection(SolutionConfigurationPlatforms) = preSolution
		Debug|Any CPU = Debug|Any CPU
		Release|Any CPU = Release|Any CPU
	EndGlobalSection
	GlobalSection(ProjectConfigurationPlatforms) = postSolution
		{EFD5830E-EEF0-4315-A9D9-0E3ED9C9B445}.Debug|Any CPU.ActiveCfg = Debug|Any CPU
		{EFD5830E-EEF0-4315-A9D9-0E3ED9C9B445}.Debug|Any CPU.Build.0 = Debug|Any CPU
		{EFD5830E-EEF0-4315-A9D9-0E3ED9C9B445}.Release|Any CPU.ActiveCfg = Release|Any CPU
		{EFD5830E-EEF0-4315-A9D9-0E3ED9C9B445}.Release|Any CPU.Build.0 = Release|Any CPU
	EndGlobalSection
	GlobalSection(SolutionProperties) = preSolution
		HideSolutionNode = FALSE
	EndGlobalSection
	GlobalSection(ExtensibilityGlobals) = postSolution
		SolutionGuid = {5BBCD324-D1A9-4D21-AE63-EAD5B9986135}
	EndGlobalSection
EndGlobal
